
Microsoft Visual Studio Solution File, Format Version 12.00
# Visual Studio Version 16
VisualStudioVersion = 16.0.31702.278
MinimumVisualStudioVersion = 10.0.40219.1
Project("{FAE04EC0-301F-11D3-BF4B-00C04F79EFBC}") = "Payroll_Api", "Payroll_Api\Payroll_Api.csproj", "{5D1D7EB7-2311-4D24-AF38-FEB85CBC02BA}"
EndProject
Project("{FAE04EC0-301F-11D3-BF4B-00C04F79EFBC}") = "Services", "Services\Services.csproj", "{2CCAD3BE-3AFE-474B-B15E-10DFEC312D21}"
EndProject
Global
	GlobalSection(SolutionConfigurationPlatforms) = preSolution
		Debug|Any CPU = Debug|Any CPU
		Release|Any CPU = Release|Any CPU
	EndGlobalSection
	GlobalSection(ProjectConfigurationPlatforms) = postSolution
		{5D1D7EB7-2311-4D24-AF38-FEB85CBC02BA}.Debug|Any CPU.ActiveCfg = Debug|Any CPU
		{5D1D7EB7-2311-4D24-AF38-FEB85CBC02BA}.Debug|Any CPU.Build.0 = Debug|Any CPU
		{5D1D7EB7-2311-4D24-AF38-FEB85CBC02BA}.Release|Any CPU.ActiveCfg = Release|Any CPU
		{5D1D7EB7-2311-4D24-AF38-FEB85CBC02BA}.Release|Any CPU.Build.0 = Release|Any CPU
		{2CCAD3BE-3AFE-474B-B15E-10DFEC312D21}.Debug|Any CPU.ActiveCfg = Debug|Any CPU
		{2CCAD3BE-3AFE-474B-B15E-10DFEC312D21}.Debug|Any CPU.Build.0 = Debug|Any CPU
		{2CCAD3BE-3AFE-474B-B15E-10DFEC312D21}.Release|Any CPU.ActiveCfg = Release|Any CPU
		{2CCAD3BE-3AFE-474B-B15E-10DFEC312D21}.Release|Any CPU.Build.0 = Release|Any CPU
	EndGlobalSection
	GlobalSection(SolutionProperties) = preSolution
		HideSolutionNode = FALSE
	EndGlobalSection
	GlobalSection(ExtensibilityGlobals) = postSolution
		SolutionGuid = {BF2A8FAB-CC28-45C1-8E95-8D8FFA1A88ED}
	EndGlobalSection
EndGlobal
